
Microsoft Visual Studio Solution File, Format Version 12.00
# Visual Studio Version 16
VisualStudioVersion = 16.0.30406.217
MinimumVisualStudioVersion = 10.0.40219.1
Project("{FAE04EC0-301F-11D3-BF4B-00C04F79EFBC}") = "ApacheNMSActiveMQTest", "ApacheNMSActiveMQTest\ApacheNMSActiveMQTest.csproj", "{847BF669-0BFE-4D21-B218-683F58C19909}"
EndProject
Global
	GlobalSection(SolutionConfigurationPlatforms) = preSolution
		Debug|Any CPU = Debug|Any CPU
		Release|Any CPU = Release|Any CPU
	EndGlobalSection
	GlobalSection(ProjectConfigurationPlatforms) = postSolution
		{847BF669-0BFE-4D21-B218-683F58C19909}.Debug|Any CPU.ActiveCfg = Debug|Any CPU
		{847BF669-0BFE-4D21-B218-683F58C19909}.Debug|Any CPU.Build.0 = Debug|Any CPU
		{847BF669-0BFE-4D21-B218-683F58C19909}.Release|Any CPU.ActiveCfg = Release|Any CPU
		{847BF669-0BFE-4D21-B218-683F58C19909}.Release|Any CPU.Build.0 = Release|Any CPU
	EndGlobalSection
	GlobalSection(SolutionProperties) = preSolution
		HideSolutionNode = FALSE
	EndGlobalSection
	GlobalSection(ExtensibilityGlobals) = postSolution
		SolutionGuid = {51A882C7-76F3-4749-980D-4478B28D816A}
	EndGlobalSection
EndGlobal
